
Microsoft Visual Studio Solution File, Format Version 12.00
# Visual Studio Version 17
VisualStudioVersion = 17.3.32922.545
MinimumVisualStudioVersion = 10.0.40219.1
Project("{FAE04EC0-301F-11D3-BF4B-00C04F79EFBC}") = "SJFpreemp", "SJFpreemp\SJFpreemp.csproj", "{1445A41F-84AC-4E4C-8F34-CCCA703CF6E9}"
EndProject
Global
	GlobalSection(SolutionConfigurationPlatforms) = preSolution
		Debug|Any CPU = Debug|Any CPU
		Release|Any CPU = Release|Any CPU
	EndGlobalSection
	GlobalSection(ProjectConfigurationPlatforms) = postSolution
		{1445A41F-84AC-4E4C-8F34-CCCA703CF6E9}.Debug|Any CPU.ActiveCfg = Debug|Any CPU
		{1445A41F-84AC-4E4C-8F34-CCCA703CF6E9}.Debug|Any CPU.Build.0 = Debug|Any CPU
		{1445A41F-84AC-4E4C-8F34-CCCA703CF6E9}.Release|Any CPU.ActiveCfg = Release|Any CPU
		{1445A41F-84AC-4E4C-8F34-CCCA703CF6E9}.Release|Any CPU.Build.0 = Release|Any CPU
	EndGlobalSection
	GlobalSection(SolutionProperties) = preSolution
		HideSolutionNode = FALSE
	EndGlobalSection
	GlobalSection(ExtensibilityGlobals) = postSolution
		SolutionGuid = {D0A0A9F0-3B52-4931-AA1B-B23A7DC754BC}
	EndGlobalSection
EndGlobal
