
Microsoft Visual Studio Solution File, Format Version 12.00
# Visual Studio Version 17
VisualStudioVersion = 17.3.32922.545
MinimumVisualStudioVersion = 10.0.40219.1
Project("{FAE04EC0-301F-11D3-BF4B-00C04F79EFBC}") = "client", "client\client.csproj", "{56BBE2D3-3735-4836-A343-D01458E0CC5A}"
EndProject
Global
	GlobalSection(SolutionConfigurationPlatforms) = preSolution
		Debug|Any CPU = Debug|Any CPU
		Release|Any CPU = Release|Any CPU
	EndGlobalSection
	GlobalSection(ProjectConfigurationPlatforms) = postSolution
		{56BBE2D3-3735-4836-A343-D01458E0CC5A}.Debug|Any CPU.ActiveCfg = Debug|Any CPU
		{56BBE2D3-3735-4836-A343-D01458E0CC5A}.Debug|Any CPU.Build.0 = Debug|Any CPU
		{56BBE2D3-3735-4836-A343-D01458E0CC5A}.Release|Any CPU.ActiveCfg = Release|Any CPU
		{56BBE2D3-3735-4836-A343-D01458E0CC5A}.Release|Any CPU.Build.0 = Release|Any CPU
	EndGlobalSection
	GlobalSection(SolutionProperties) = preSolution
		HideSolutionNode = FALSE
	EndGlobalSection
	GlobalSection(ExtensibilityGlobals) = postSolution
		SolutionGuid = {4EBCDEA1-74C7-4F7E-8C8F-9C2B01DD6912}
	EndGlobalSection
EndGlobal
